
Microsoft Visual Studio Solution File, Format Version 12.00
# Visual Studio 2012
Project("{FAE04EC0-301F-11D3-BF4B-00C04F79EFBC}") = "ParallelTasks", "ParallelTasks\ParallelTasks.csproj", "{6100AA12-1230-41E5-B59B-1351AA04C1FD}"
EndProject
Global
	GlobalSection(SolutionConfigurationPlatforms) = preSolution
		Debug|Any CPU = Debug|Any CPU
		Release|Any CPU = Release|Any CPU
	EndGlobalSection
	GlobalSection(ProjectConfigurationPlatforms) = postSolution
		{6100AA12-1230-41E5-B59B-1351AA04C1FD}.Debug|Any CPU.ActiveCfg = Debug|Any CPU
		{6100AA12-1230-41E5-B59B-1351AA04C1FD}.Debug|Any CPU.Build.0 = Debug|Any CPU
		{6100AA12-1230-41E5-B59B-1351AA04C1FD}.Release|Any CPU.ActiveCfg = Release|Any CPU
		{6100AA12-1230-41E5-B59B-1351AA04C1FD}.Release|Any CPU.Build.0 = Release|Any CPU
	EndGlobalSection
	GlobalSection(SolutionProperties) = preSolution
		HideSolutionNode = FALSE
	EndGlobalSection
EndGlobal
